lockfileVersion: '9.0'

settings:
  autoInstallPeers: true
  excludeLinksFromLockfile: false

importers:

  .:
    devDependencies:
      '@types/node':
        specifier: 25.0.1
        version: 25.0.1
      typescript:
        specifier: 6.0.3
        version: 6.0.3

  packages/ai:
    dependencies:
      '@domino-poker/engine':
        specifier: workspace:*
        version: link:../engine

  packages/bot-adapter:
    dependencies:
      '@domino-poker/ai':
        specifier: workspace:*
        version: link:../ai
      '@domino-poker/engine':
        specifier: workspace:*
        version: link:../engine
      zod:
        specifier: ^3.23.8
        version: 3.25.76

  packages/engine: {}

packages:

  '@types/node@25.0.1':
    resolution: {integrity: sha512-czWPzKIAXucn9PtsttxmumiQ9N0ok9FrBwgRWrwmVLlp86BrMExzvXRLFYRJ+Ex3g6yqj+KuaxfX1JTgV2lpfg==}

  typescript@6.0.3:
    resolution: {integrity: sha512-y2TvuxSZPDyQakkFRPZHKFm+KKVqIisdg9/CZwm9ftvKXLP8NRWj38/ODjNbr43SsoXqNuAisEf1GdCxqWcdBw==}
    engines: {node: '>=14.17'}
    hasBin: true

  undici-types@7.16.0:
    resolution: {integrity: sha512-Zz+aZWSj8LE6zoxD+xrjh4VfkIG8Ya6LvYkZqtUQGJPZjYl53ypCaUwWqo7eI0x66KBGeRo+mlBEkMSeSZ38Nw==}

  zod@3.25.76:
    resolution: {integrity: sha512-gzUt/qt81nXsFGKIFcC3YnfEAx5NkunCfnDlvuBSSFS02bcXu4Lmea0AFIUwbLWxWPx3d9p8S5QoaujKcNQxcQ==}

snapshots:

  '@types/node@25.0.1':
    dependencies:
      undici-types: 7.16.0

  typescript@6.0.3: {}

  undici-types@7.16.0: {}

  zod@3.25.76: {}
